
Microsoft Visual Studio Solution File, Format Version 12.00
# Visual Studio Version 16
VisualStudioVersion = 16.0.32106.194
MinimumVisualStudioVersion = 10.0.40219.1
Project("{FAE04EC0-301F-11D3-BF4B-00C04F79EFBC}") = "task3", "task3.csproj", "{7F4B1691-4639-4683-9015-EBB839337C48}"
EndProject
Global
	GlobalSection(SolutionConfigurationPlatforms) = preSolution
		Debug|Any CPU = Debug|Any CPU
		Release|Any CPU = Release|Any CPU
	EndGlobalSection
	GlobalSection(ProjectConfigurationPlatforms) = postSolution
		{7F4B1691-4639-4683-9015-EBB839337C48}.Debug|Any CPU.ActiveCfg = Debug|Any CPU
		{7F4B1691-4639-4683-9015-EBB839337C48}.Debug|Any CPU.Build.0 = Debug|Any CPU
		{7F4B1691-4639-4683-9015-EBB839337C48}.Release|Any CPU.ActiveCfg = Release|Any CPU
		{7F4B1691-4639-4683-9015-EBB839337C48}.Release|Any CPU.Build.0 = Release|Any CPU
	EndGlobalSection
	GlobalSection(SolutionProperties) = preSolution
		HideSolutionNode = FALSE
	EndGlobalSection
	GlobalSection(ExtensibilityGlobals) = postSolution
		SolutionGuid = {48DD2673-7673-4BFA-962A-96A59846AB22}
	EndGlobalSection
EndGlobal
