
Microsoft Visual Studio Solution File, Format Version 12.00
# Visual Studio Version 16
VisualStudioVersion = 16.0.32106.194
MinimumVisualStudioVersion = 10.0.40219.1
Project("{FAE04EC0-301F-11D3-BF4B-00C04F79EFBC}") = "task1", "task1.csproj", "{F68B60D9-BE3A-47BD-94DD-46DE23A75710}"
EndProject
Global
	GlobalSection(SolutionConfigurationPlatforms) = preSolution
		Debug|Any CPU = Debug|Any CPU
		Release|Any CPU = Release|Any CPU
	EndGlobalSection
	GlobalSection(ProjectConfigurationPlatforms) = postSolution
		{F68B60D9-BE3A-47BD-94DD-46DE23A75710}.Debug|Any CPU.ActiveCfg = Debug|Any CPU
		{F68B60D9-BE3A-47BD-94DD-46DE23A75710}.Debug|Any CPU.Build.0 = Debug|Any CPU
		{F68B60D9-BE3A-47BD-94DD-46DE23A75710}.Release|Any CPU.ActiveCfg = Release|Any CPU
		{F68B60D9-BE3A-47BD-94DD-46DE23A75710}.Release|Any CPU.Build.0 = Release|Any CPU
	EndGlobalSection
	GlobalSection(SolutionProperties) = preSolution
		HideSolutionNode = FALSE
	EndGlobalSection
	GlobalSection(ExtensibilityGlobals) = postSolution
		SolutionGuid = {B4A3BFE6-31B1-42A3-BE7A-DAB4701B5980}
	EndGlobalSection
EndGlobal
